
Microsoft Visual Studio Solution File, Format Version 12.00
# Visual Studio Version 17
VisualStudioVersion = 17.4.33213.308
MinimumVisualStudioVersion = 10.0.40219.1
Project("{FAE04EC0-301F-11D3-BF4B-00C04F79EFBC}") = "Presentacion", "Presentacion\Presentacion.csproj", "{4D3B03CF-0AB9-46CB-B5C9-87649D65994D}"
EndProject
Project("{FAE04EC0-301F-11D3-BF4B-00C04F79EFBC}") = "AccesoDatos", "AccesoDatos\AccesoDatos.csproj", "{56B67D97-3E9E-4DE0-9F48-9BDB5CA30109}"
EndProject
Project("{FAE04EC0-301F-11D3-BF4B-00C04F79EFBC}") = "Negocio", "Negocio\Negocio.csproj", "{51EBB1B5-55C1-4642-8060-3DD774D8E75B}"
EndProject
Global
	GlobalSection(SolutionConfigurationPlatforms) = preSolution
		Debug|Any CPU = Debug|Any CPU
		Release|Any CPU = Release|Any CPU
	EndGlobalSection
	GlobalSection(ProjectConfigurationPlatforms) = postSolution
		{4D3B03CF-0AB9-46CB-B5C9-87649D65994D}.Debug|Any CPU.ActiveCfg = Debug|Any CPU
		{4D3B03CF-0AB9-46CB-B5C9-87649D65994D}.Debug|Any CPU.Build.0 = Debug|Any CPU
		{4D3B03CF-0AB9-46CB-B5C9-87649D65994D}.Release|Any CPU.ActiveCfg = Release|Any CPU
		{4D3B03CF-0AB9-46CB-B5C9-87649D65994D}.Release|Any CPU.Build.0 = Release|Any CPU
		{56B67D97-3E9E-4DE0-9F48-9BDB5CA30109}.Debug|Any CPU.ActiveCfg = Debug|Any CPU
		{56B67D97-3E9E-4DE0-9F48-9BDB5CA30109}.Debug|Any CPU.Build.0 = Debug|Any CPU
		{56B67D97-3E9E-4DE0-9F48-9BDB5CA30109}.Release|Any CPU.ActiveCfg = Release|Any CPU
		{56B67D97-3E9E-4DE0-9F48-9BDB5CA30109}.Release|Any CPU.Build.0 = Release|Any CPU
		{51EBB1B5-55C1-4642-8060-3DD774D8E75B}.Debug|Any CPU.ActiveCfg = Debug|Any CPU
		{51EBB1B5-55C1-4642-8060-3DD774D8E75B}.Debug|Any CPU.Build.0 = Debug|Any CPU
		{51EBB1B5-55C1-4642-8060-3DD774D8E75B}.Release|Any CPU.ActiveCfg = Release|Any CPU
		{51EBB1B5-55C1-4642-8060-3DD774D8E75B}.Release|Any CPU.Build.0 = Release|Any CPU
	EndGlobalSection
	GlobalSection(SolutionProperties) = preSolution
		HideSolutionNode = FALSE
	EndGlobalSection
	GlobalSection(ExtensibilityGlobals) = postSolution
		SolutionGuid = {0E9B96BC-3017-490A-8585-FC3F67092497}
	EndGlobalSection
EndGlobal
